
Microsoft Visual Studio Solution File, Format Version 12.00
Project("{FAE04EC0-301F-11D3-BF4B-00C04F79EFBC}") = "polyglot.host", "polyglot.host\polyglot.host.csproj", "{8576D58F-5ABC-4CDF-AA87-69264422BD8C}"
EndProject
Project("{FAE04EC0-301F-11D3-BF4B-00C04F79EFBC}") = "SharedMemory", "SharedMemory\SharedMemory.csproj", "{E6EB09EA-BB25-41D8-96F4-2926F145CDAC}"
EndProject
Global
	GlobalSection(SolutionConfigurationPlatforms) = preSolution
		Debug|Any CPU = Debug|Any CPU
		Release|Any CPU = Release|Any CPU
	EndGlobalSection
	GlobalSection(ProjectConfigurationPlatforms) = postSolution
		{8576D58F-5ABC-4CDF-AA87-69264422BD8C}.Debug|Any CPU.ActiveCfg = Debug|Any CPU
		{8576D58F-5ABC-4CDF-AA87-69264422BD8C}.Debug|Any CPU.Build.0 = Debug|Any CPU
		{8576D58F-5ABC-4CDF-AA87-69264422BD8C}.Release|Any CPU.ActiveCfg = Release|Any CPU
		{8576D58F-5ABC-4CDF-AA87-69264422BD8C}.Release|Any CPU.Build.0 = Release|Any CPU
		{E6EB09EA-BB25-41D8-96F4-2926F145CDAC}.Debug|Any CPU.ActiveCfg = Debug|Any CPU
		{E6EB09EA-BB25-41D8-96F4-2926F145CDAC}.Debug|Any CPU.Build.0 = Debug|Any CPU
		{E6EB09EA-BB25-41D8-96F4-2926F145CDAC}.Release|Any CPU.ActiveCfg = Release|Any CPU
		{E6EB09EA-BB25-41D8-96F4-2926F145CDAC}.Release|Any CPU.Build.0 = Release|Any CPU
	EndGlobalSection
EndGlobal
